# This file is automatically @generated by Poetry and should not be changed by hand.

[[package]]
name = "attrs"
version = "22.2.0"
description = "Classes Without Boilerplate"
category = "dev"
optional = false
python-versions = ">=3.6"
files = [
    {file = "attrs-22.2.0-py3-none-any.whl", hash = "sha256:29e95c7f6778868dbd49170f98f8818f78f3dc5e0e37c0b1f474e3561b240836"},
    {file = "attrs-22.2.0.tar.gz", hash = "sha256:c9227bfc2f01993c03f68db37d1d15c9690188323c067c641f1a35ca58185f99"},
]

[package.extras]
cov = ["attrs[tests]", "coverage-enable-subprocess", "coverage[toml] (>=5.3)"]
dev = ["attrs[docs,tests]"]
docs = ["furo", "myst-parser", "sphinx", "sphinx-notfound-page", "sphinxcontrib-towncrier", "towncrier", "zope.interface"]
tests = ["attrs[tests-no-zope]", "zope.interface"]
tests-no-zope = ["cloudpickle", "cloudpickle", "hypothesis", "hypothesis", "mypy (>=0.971,<0.990)", "mypy (>=0.971,<0.990)", "pympler", "pympler", "pytest (>=4.3.0)", "pytest (>=4.3.0)", "pytest-mypy-plugins", "pytest-mypy-plugins", "pytest-xdist[psutil]", "pytest-xdist[psutil]"]

[[package]]
name = "autopep8"
version = "2.0.1"
description = "A tool that automatically formats Python code to conform to the PEP 8 style guide"
category = "dev"
optional = false
python-versions = ">=3.6"
files = [
    {file = "autopep8-2.0.1-py2.py3-none-any.whl", hash = "sha256:be5bc98c33515b67475420b7b1feafc8d32c1a69862498eda4983b45bffd2687"},
    {file = "autopep8-2.0.1.tar.gz", hash = "sha256:d27a8929d8dcd21c0f4b3859d2d07c6c25273727b98afc984c039df0f0d86566"},
]

[package.dependencies]
pycodestyle = ">=2.10.0"
tomli = {version = "*", markers = "python_version < \"3.11\""}

[[package]]
name = "colorama"
version = "0.4.6"
description = "Cross-platform colored terminal text."
category = "dev"
optional = false
python-versions = "!=3.0.*,!=3.1.*,!=3.2.*,!=3.3.*,!=3.4.*,!=3.5.*,!=3.6.*,>=2.7"
files = [
    {file = "colorama-0.4.6-py2.py3-none-any.whl", hash = "sha256:4f1d9991f5acc0ca119f9d443620b77f9d6b33703e51011c16baf57afb285fc6"},
    {file = "colorama-0.4.6.tar.gz", hash = "sha256:08695f5cb7ed6e0531a20572697297273c47b8cae5a63ffc6d6ed5c201be6e44"},
]

[[package]]
name = "coverage"
version = "6.5.0"
description = "Code coverage measurement for Python"
category = "dev"
optional = false
python-versions = ">=3.7"
files = [
    {file = "coverage-6.5.0-cp310-cp310-macosx_10_9_x86_64.whl", hash = "sha256:ef8674b0ee8cc11e2d574e3e2998aea5df5ab242e012286824ea3c6970580e53"},
    {file = "coverage-6.5.0-cp310-cp310-macosx_11_0_arm64.whl", hash = "sha256:784f53ebc9f3fd0e2a3f6a78b2be1bd1f5575d7863e10c6e12504f240fd06660"},
    {file = "coverage-6.5.0-cp310-cp310-manylinux_2_17_aarch64.manylinux2014_aarch64.whl", hash = "sha256:b4a5be1748d538a710f87542f22c2cad22f80545a847ad91ce45e77417293eb4"},
    {file = "coverage-6.5.0-cp310-cp310-manylinux_2_5_i686.manylinux1_i686.manylinux_2_17_i686.manylinux2014_i686.whl", hash = "sha256:83516205e254a0cb77d2d7bb3632ee019d93d9f4005de31dca0a8c3667d5bc04"},
    {file = "coverage-6.5.0-cp310-cp310-manylinux_2_5_x86_64.manylinux1_x86_64.manylinux_2_17_x86_64.manylinux2014_x86_64.whl", hash = "sha256:af4fffaffc4067232253715065e30c5a7ec6faac36f8fc8d6f64263b15f74db0"},
    {file = "coverage-6.5.0-cp310-cp310-musllinux_1_1_aarch64.whl", hash = "sha256:97117225cdd992a9c2a5515db1f66b59db634f59d0679ca1fa3fe8da32749cae"},
    {file = "coverage-6.5.0-cp310-cp310-musllinux_1_1_i686.whl", hash = "sha256:a1170fa54185845505fbfa672f1c1ab175446c887cce8212c44149581cf2d466"},
    {file = "coverage-6.5.0-cp310-cp310-musllinux_1_1_x86_64.whl", hash = "sha256:11b990d520ea75e7ee8dcab5bc908072aaada194a794db9f6d7d5cfd19661e5a"},
    {file = "coverage-6.5.0-cp310-cp310-win32.whl", hash = "sha256:5dbec3b9095749390c09ab7c89d314727f18800060d8d24e87f01fb9cfb40b32"},
    {file = "coverage-6.5.0-cp310-cp310-win_amd64.whl", hash = "sha256:59f53f1dc5b656cafb1badd0feb428c1e7bc19b867479ff72f7a9dd9b479f10e"},
    {file = "coverage-6.5.0-cp311-cp311-macosx_10_9_x86_64.whl", hash = "sha256:4a5375e28c5191ac38cca59b38edd33ef4cc914732c916f2929029b4bfb50795"},
    {file = "coverage-6.5.0-cp311-cp311-manylinux_2_17_aarch64.manylinux2014_aarch64.whl", hash = "sha256:c4ed2820d919351f4167e52425e096af41bfabacb1857186c1ea32ff9983ed75"},
    {file = "coverage-6.5.0-cp311-cp311-manylinux_2_5_i686.manylinux1_i686.manylinux_2_17_i686.manylinux2014_i686.whl", hash = "sha256:33a7da4376d5977fbf0a8ed91c4dffaaa8dbf0ddbf4c8eea500a2486d8bc4d7b"},
    {file = "coverage-6.5.0-cp311-cp311-manylinux_2_5_x86_64.manylinux1_x86_64.manylinux_2_17_x86_64.manylinux2014_x86_64.whl", hash = "sha256:a8fb6cf131ac4070c9c5a3e21de0f7dc5a0fbe8bc77c9456ced896c12fcdad91"},
    {file = "coverage-6.5.0-cp311-cp311-musllinux_1_1_aarch64.whl", hash = "sha256:a6b7d95969b8845250586f269e81e5dfdd8ff828ddeb8567a4a2eaa7313460c4"},
    {file = "coverage-6.5.0-cp311-cp311-musllinux_1_1_i686.whl", hash = "sha256:1ef221513e6f68b69ee9e159506d583d31aa3567e0ae84eaad9d6ec1107dddaa"},
    {file = "coverage-6.5.0-cp311-cp311-musllinux_1_1_x86_64.whl", hash = "sha256:cca4435eebea7962a52bdb216dec27215d0df64cf27fc1dd538415f5d2b9da6b"},
    {file = "coverage-6.5.0-cp311-cp311-win32.whl", hash = "sha256:98e8a10b7a314f454d9eff4216a9a94d143a7ee65018dd12442e898ee2310578"},
    {file = "coverage-6.5.0-cp311-cp311-win_amd64.whl", hash = "sha256:bc8ef5e043a2af066fa8cbfc6e708d58017024dc4345a1f9757b329a249f041b"},
    {file = "coverage-6.5.0-cp37-cp37m-macosx_10_9_x86_64.whl", hash = "sha256:4433b90fae13f86fafff0b326453dd42fc9a639a0d9e4eec4d366436d1a41b6d"},
    {file = "coverage-6.5.0-cp37-cp37m-manylinux_2_17_aarch64.manylinux2014_aarch64.whl", hash = "sha256:f4f05d88d9a80ad3cac6244d36dd89a3c00abc16371769f1340101d3cb899fc3"},
    {file = "coverage-6.5.0-cp37-cp37m-manylinux_2_5_i686.manylinux1_i686.manylinux_2_17_i686.manylinux2014_i686.whl", hash = "sha256:94e2565443291bd778421856bc975d351738963071e9b8839ca1fc08b42d4bef"},
    {file = "coverage-6.5.0-cp37-cp37m-manylinux_2_5_x86_64.manylinux1_x86_64.manylinux_2_17_x86_64.manylinux2014_x86_64.whl", hash = "sha256:027018943386e7b942fa832372ebc120155fd970837489896099f5cfa2890f79"},
    {file = "coverage-6.5.0-cp37-cp37m-musllinux_1_1_aarch64.whl", hash = "sha256:255758a1e3b61db372ec2736c8e2a1fdfaf563977eedbdf131de003ca5779b7d"},
    {file = "coverage-6.5.0-cp37-cp37m-musllinux_1_1_i686.whl", hash = "sha256:851cf4ff24062c6aec510a454b2584f6e998cada52d4cb58c5e233d07172e50c"},
    {file = "coverage-6.5.0-cp37-cp37m-musllinux_1_1_x86_64.whl", hash = "sha256:12adf310e4aafddc58afdb04d686795f33f4d7a6fa67a7a9d4ce7d6ae24d949f"},
    {file = "coverage-6.5.0-cp37-cp37m-win32.whl", hash = "sha256:b5604380f3415ba69de87a289a2b56687faa4fe04dbee0754bfcae433489316b"},
    {file = "coverage-6.5.0-cp37-cp37m-win_amd64.whl", hash = "sha256:4a8dbc1f0fbb2ae3de73eb0bdbb914180c7abfbf258e90b311dcd4f585d44bd2"},
    {file = "coverage-6.5.0-cp38-cp38-macosx_10_9_x86_64.whl", hash = "sha256:d900bb429fdfd7f511f868cedd03a6bbb142f3f9118c09b99ef8dc9bf9643c3c"},
    {file = "coverage-6.5.0-cp38-cp38-macosx_11_0_arm64.whl", hash = "sha256:2198ea6fc548de52adc826f62cb18554caedfb1d26548c1b7c88d8f7faa8f6ba"},
    {file = "coverage-6.5.0-cp38-cp38-manylinux_2_17_aarch64.manylinux2014_aarch64.whl", hash = "sha256:6c4459b3de97b75e3bd6b7d4b7f0db13f17f504f3d13e2a7c623786289dd670e"},
    {file = "coverage-6.5.0-cp38-cp38-manylinux_2_5_i686.manylinux1_i686.manylinux_2_17_i686.manylinux2014_i686.whl", hash = "sha256:20c8ac5386253717e5ccc827caad43ed66fea0efe255727b1053a8154d952398"},
    {file = "coverage-6.5.0-cp38-cp38-manylinux_2_5_x86_64.manylinux1_x86_64.manylinux_2_17_x86_64.manylinux2014_x86_64.whl", hash = "sha256:6b07130585d54fe8dff3d97b93b0e20290de974dc8177c320aeaf23459219c0b"},
    {file = "coverage-6.5.0-cp38-cp38-musllinux_1_1_aarch64.whl", hash = "sha256:dbdb91cd8c048c2b09eb17713b0c12a54fbd587d79adcebad543bc0cd9a3410b"},
    {file = "coverage-6.5.0-cp38-cp38-musllinux_1_1_i686.whl", hash = "sha256:de3001a203182842a4630e7b8d1a2c7c07ec1b45d3084a83d5d227a3806f530f"},
    {file = "coverage-6.5.0-cp38-cp38-musllinux_1_1_x86_64.whl", hash = "sha256:e07f4a4a9b41583d6eabec04f8b68076ab3cd44c20bd29332c6572dda36f372e"},
    {file = "coverage-6.5.0-cp38-cp38-win32.whl", hash = "sha256:6d4817234349a80dbf03640cec6109cd90cba068330703fa65ddf56b60223a6d"},
    {file = "coverage-6.5.0-cp38-cp38-win_amd64.whl", hash = "sha256:7ccf362abd726b0410bf8911c31fbf97f09f8f1061f8c1cf03dfc4b6372848f6"},
    {file = "coverage-6.5.0-cp39-cp39-macosx_10_9_x86_64.whl", hash = "sha256:633713d70ad6bfc49b34ead4060531658dc6dfc9b3eb7d8a716d5873377ab745"},
    {file = "coverage-6.5.0-cp39-cp39-macosx_11_0_arm64.whl", hash = "sha256:95203854f974e07af96358c0b261f1048d8e1083f2de9b1c565e1be4a3a48cfc"},
    {file = "coverage-6.5.0-cp39-cp39-manylinux_2_17_aarch64.manylinux2014_aarch64.whl", hash = "sha256:b9023e237f4c02ff739581ef35969c3739445fb059b060ca51771e69101efffe"},
    {file = "coverage-6.5.0-cp39-cp39-manylinux_2_5_i686.manylinux1_i686.manylinux_2_17_i686.manylinux2014_i686.whl", hash = "sha256:265de0fa6778d07de30bcf4d9dc471c3dc4314a23a3c6603d356a3c9abc2dfcf"},
    {file = "coverage-6.5.0-cp39-cp39-manylinux_2_5_x86_64.manylinux1_x86_64.manylinux_2_17_x86_64.manylinux2014_x86_64.whl", hash = "sha256:8f830ed581b45b82451a40faabb89c84e1a998124ee4212d440e9c6cf70083e5"},
    {file = "coverage-6.5.0-cp39-cp39-musllinux_1_1_aarch64.whl", hash = "sha256:7b6be138d61e458e18d8e6ddcddd36dd96215edfe5f1168de0b1b32635839b62"},
    {file = "coverage-6.5.0-cp39-cp39-musllinux_1_1_i686.whl", hash = "sha256:42eafe6778551cf006a7c43153af1211c3aaab658d4d66fa5fcc021613d02518"},
    {file = "coverage-6.5.0-cp39-cp39-musllinux_1_1_x86_64.whl", hash = "sha256:723e8130d4ecc8f56e9a611e73b31219595baa3bb252d539206f7bbbab6ffc1f"},
    {file = "coverage-6.5.0-cp39-cp39-win32.whl", hash = "sha256:d9ecf0829c6a62b9b573c7bb6d4dcd6ba8b6f80be9ba4fc7ed50bf4ac9aecd72"},
    {file = "coverage-6.5.0-cp39-cp39-win_amd64.whl", hash = "sha256:fc2af30ed0d5ae0b1abdb4ebdce598eafd5b35397d4d75deb341a614d333d987"},
    {file = "coverage-6.5.0-pp36.pp37.pp38-none-any.whl", hash = "sha256:1431986dac3923c5945271f169f59c45b8802a114c8f548d611f2015133df77a"},
    {file = "coverage-6.5.0.tar.gz", hash = "sha256:f642e90754ee3e06b0e7e51bce3379590e76b7f76b708e1a71ff043f87025c84"},
]

[package.extras]
toml = ["tomli"]

[[package]]
name = "docopt"
version = "0.6.2"
description = "Pythonic argument parser, that will make you smile"
category = "dev"
optional = false
python-versions = "*"
files = [
    {file = "docopt-0.6.2.tar.gz", hash = "sha256:49b3a825280bd66b3aa83585ef59c4a8c82f2c8a522dbe754a8bc8d08c85c491"},
]

[[package]]
name = "exceptiongroup"
version = "1.1.0"
description = "Backport of PEP 654 (exception groups)"
category = "dev"
optional = false
python-versions = ">=3.7"
files = [
    {file = "exceptiongroup-1.1.0-py3-none-any.whl", hash = "sha256:327cbda3da756e2de031a3107b81ab7b3770a602c4d16ca618298c526f4bec1e"},
    {file = "exceptiongroup-1.1.0.tar.gz", hash = "sha256:bcb67d800a4497e1b404c2dd44fca47d3b7a5e5433dbab67f96c1a685cdfdf23"},
]

[package.extras]
test = ["pytest (>=6)"]

[[package]]
name = "flake8"
version = "6.0.0"
description = "the modular source code checker: pep8 pyflakes and co"
category = "dev"
optional = false
python-versions = ">=3.8.1"
files = [
    {file = "flake8-6.0.0-py2.py3-none-any.whl", hash = "sha256:3833794e27ff64ea4e9cf5d410082a8b97ff1a06c16aa3d2027339cd0f1195c7"},
    {file = "flake8-6.0.0.tar.gz", hash = "sha256:c61007e76655af75e6785a931f452915b371dc48f56efd765247c8fe68f2b181"},
]

[package.dependencies]
mccabe = ">=0.7.0,<0.8.0"
pycodestyle = ">=2.10.0,<2.11.0"
pyflakes = ">=3.0.0,<3.1.0"

[[package]]
name = "icdiff"
version = "2.0.6"
description = "improved colored diff"
category = "dev"
optional = false
python-versions = "*"
files = [
    {file = "icdiff-2.0.6.tar.gz", hash = "sha256:a2673b335d671e64fc73c44e1eaa0aa01fd0e68354e58ee17e863ab29912a79a"},
]

[[package]]
name = "iniconfig"
version = "2.0.0"
description = "brain-dead simple config-ini parsing"
category = "dev"
optional = false
python-versions = ">=3.7"
files = [
    {file = "iniconfig-2.0.0-py3-none-any.whl", hash = "sha256:b6a85871a79d2e3b22d2d1b94ac2824226a63c6b741c88f7ae975f18b6778374"},
    {file = "iniconfig-2.0.0.tar.gz", hash = "sha256:2d91e135bf72d31a410b17c16da610a82cb55f6b0477d1a902134b24a455b8b3"},
]

[[package]]
name = "mccabe"
version = "0.7.0"
description = "McCabe checker, plugin for flake8"
category = "dev"
optional = false
python-versions = ">=3.6"
files = [
    {file = "mccabe-0.7.0-py2.py3-none-any.whl", hash = "sha256:6c2d30ab6be0e4a46919781807b4f0d834ebdd6c6e3dca0bda5a15f863427b6e"},
    {file = "mccabe-0.7.0.tar.gz", hash = "sha256:348e0240c33b60bbdf4e523192ef919f28cb2c3d7d5c7794f74009290f236325"},
]

[[package]]
name = "packaging"
version = "23.0"
description = "Core utilities for Python packages"
category = "dev"
optional = false
python-versions = ">=3.7"
files = [
    {file = "packaging-23.0-py3-none-any.whl", hash = "sha256:714ac14496c3e68c99c29b00845f7a2b85f3bb6f1078fd9f72fd20f0570002b2"},
    {file = "packaging-23.0.tar.gz", hash = "sha256:b6ad297f8907de0fa2fe1ccbd26fdaf387f5f47c7275fedf8cce89f99446cf97"},
]

[[package]]
name = "pastel"
version = "0.2.1"
description = "Bring colors to your terminal."
category = "dev"
optional = false
python-versions = ">=2.7, !=3.0.*, !=3.1.*, !=3.2.*, !=3.3.*"
files = [
    {file = "pastel-0.2.1-py2.py3-none-any.whl", hash = "sha256:4349225fcdf6c2bb34d483e523475de5bb04a5c10ef711263452cb37d7dd4364"},
    {file = "pastel-0.2.1.tar.gz", hash = "sha256:e6581ac04e973cac858828c6202c1e1e81fee1dc7de7683f3e1ffe0bfd8a573d"},
]

[[package]]
name = "pluggy"
version = "1.0.0"
description = "plugin and hook calling mechanisms for python"
category = "dev"
optional = false
python-versions = ">=3.6"
files = [
    {file = "pluggy-1.0.0-py2.py3-none-any.whl", hash = "sha256:74134bbf457f031a36d68416e1509f34bd5ccc019f0bcc952c7b909d06b37bd3"},
    {file = "pluggy-1.0.0.tar.gz", hash = "sha256:4224373bacce55f955a878bf9cfa763c1e360858e330072059e10bad68531159"},
]

[package.extras]
dev = ["pre-commit", "tox"]
testing = ["pytest", "pytest-benchmark"]

[[package]]
name = "poethepoet"
version = "0.17.1"
description = "A task runner that works well with poetry."
category = "dev"
optional = false
python-versions = ">=3.7"
files = [
    {file = "poethepoet-0.17.1-py3-none-any.whl", hash = "sha256:e54213659f3f2c6ed71fbfbe865ca14d095bb945c82a839df4df5e7811f5653d"},
    {file = "poethepoet-0.17.1.tar.gz", hash = "sha256:0429990ab4faa92d96cd7b7d66e9cf5bb5598adbe0ee9af8482f9d10e28a6290"},
]

[package.dependencies]
pastel = ">=0.2.1,<0.3.0"
tomli = ">=1.2.2"

[package.extras]
poetry-plugin = ["poetry (>=1.0,<2.0)"]

[[package]]
name = "pprintpp"
version = "0.4.0"
description = "A drop-in replacement for pprint that's actually pretty"
category = "dev"
optional = false
python-versions = "*"
files = [
    {file = "pprintpp-0.4.0-py2.py3-none-any.whl", hash = "sha256:b6b4dcdd0c0c0d75e4d7b2f21a9e933e5b2ce62b26e1a54537f9651ae5a5c01d"},
    {file = "pprintpp-0.4.0.tar.gz", hash = "sha256:ea826108e2c7f49dc6d66c752973c3fc9749142a798d6b254e1e301cfdbc6403"},
]

[[package]]
name = "pycodestyle"
version = "2.10.0"
description = "Python style guide checker"
category = "dev"
optional = false
python-versions = ">=3.6"
files = [
    {file = "pycodestyle-2.10.0-py2.py3-none-any.whl", hash = "sha256:8a4eaf0d0495c7395bdab3589ac2db602797d76207242c17d470186815706610"},
    {file = "pycodestyle-2.10.0.tar.gz", hash = "sha256:347187bdb476329d98f695c213d7295a846d1152ff4fe9bacb8a9590b8ee7053"},
]

[[package]]
name = "pyflakes"
version = "3.0.1"
description = "passive checker of Python programs"
category = "dev"
optional = false
python-versions = ">=3.6"
files = [
    {file = "pyflakes-3.0.1-py2.py3-none-any.whl", hash = "sha256:ec55bf7fe21fff7f1ad2f7da62363d749e2a470500eab1b555334b67aa1ef8cf"},
    {file = "pyflakes-3.0.1.tar.gz", hash = "sha256:ec8b276a6b60bd80defed25add7e439881c19e64850afd9b346283d4165fd0fd"},
]

[[package]]
name = "pytest"
version = "7.2.0"
description = "pytest: simple powerful testing with Python"
category = "dev"
optional = false
python-versions = ">=3.7"
files = [
    {file = "pytest-7.2.0-py3-none-any.whl", hash = "sha256:892f933d339f068883b6fd5a459f03d85bfcb355e4981e146d2c7616c21fef71"},
    {file = "pytest-7.2.0.tar.gz", hash = "sha256:c4014eb40e10f11f355ad4e3c2fb2c6c6d1919c73f3b5a433de4708202cade59"},
]

[package.dependencies]
attrs = ">=19.2.0"
colorama = {version = "*", markers = "sys_platform == \"win32\""}
exceptiongroup = {version = ">=1.0.0rc8", markers = "python_version < \"3.11\""}
iniconfig = "*"
packaging = "*"
pluggy = ">=0.12,<2.0"
tomli = {version = ">=1.0.0", markers = "python_version < \"3.11\""}

[package.extras]
testing = ["argcomplete", "hypothesis (>=3.56)", "mock", "nose", "pygments (>=2.7.2)", "requests", "xmlschema"]

[[package]]
name = "pytest-icdiff"
version = "0.6"
description = "use icdiff for better error messages in pytest assertions"
category = "dev"
optional = false
python-versions = ">=3.6"
files = [
    {file = "pytest-icdiff-0.6.tar.gz", hash = "sha256:e8f1ef4550a893b4f0a0ea7e7a8299b12ded72c086101d7811ddec0d85fd1bad"},
]

[package.dependencies]
icdiff = "*"
pprintpp = "*"
pytest = "*"

[[package]]
name = "pytest-testmon"
version = "1.4.2"
description = "selects tests affected by changed files and methods"
category = "dev"
optional = false
python-versions = "<3.12,>=3.7"
files = [
    {file = "pytest-testmon-1.4.2.tar.gz", hash = "sha256:ded616d115916db18a6cfa575aea89efdb1158c8febe77df4b45cd6bb61bd1fc"},
]

[package.dependencies]
coverage = ">=6,<7"
pytest = ">=5,<8"

[[package]]
name = "pytest-watch"
version = "4.2.0"
description = "Local continuous test runner with pytest and watchdog."
category = "dev"
optional = false
python-versions = "*"
files = [
    {file = "pytest-watch-4.2.0.tar.gz", hash = "sha256:06136f03d5b361718b8d0d234042f7b2f203910d8568f63df2f866b547b3d4b9"},
]

[package.dependencies]
colorama = ">=0.3.3"
docopt = ">=0.4.0"
pytest = ">=2.6.4"
watchdog = ">=0.6.0"

[[package]]
name = "tomli"
version = "2.0.1"
description = "A lil' TOML parser"
category = "dev"
optional = false
python-versions = ">=3.7"
files = [
    {file = "tomli-2.0.1-py3-none-any.whl", hash = "sha256:939de3e7a6161af0c887ef91b7d41a53e7c5a1ca976325f429cb46ea9bc30ecc"},
    {file = "tomli-2.0.1.tar.gz", hash = "sha256:de526c12914f0c550d15924c62d72abc48d6fe7364aa87328337a31007fe8a4f"},
]

[[package]]
name = "watchdog"
version = "2.2.1"
description = "Filesystem events monitoring"
category = "dev"
optional = false
python-versions = ">=3.6"
files = [
    {file = "watchdog-2.2.1-cp310-cp310-macosx_10_9_universal2.whl", hash = "sha256:a09483249d25cbdb4c268e020cb861c51baab2d1affd9a6affc68ffe6a231260"},
    {file = "watchdog-2.2.1-cp310-cp310-macosx_10_9_x86_64.whl", hash = "sha256:5100eae58133355d3ca6c1083a33b81355c4f452afa474c2633bd2fbbba398b3"},
    {file = "watchdog-2.2.1-cp310-cp310-macosx_11_0_arm64.whl", hash = "sha256:e618a4863726bc7a3c64f95c218437f3349fb9d909eb9ea3a1ed3b567417c661"},
    {file = "watchdog-2.2.1-cp311-cp311-macosx_10_9_universal2.whl", hash = "sha256:102a60093090fc3ff76c983367b19849b7cc24ec414a43c0333680106e62aae1"},
    {file = "watchdog-2.2.1-cp311-cp311-macosx_10_9_x86_64.whl", hash = "sha256:748ca797ff59962e83cc8e4b233f87113f3cf247c23e6be58b8a2885c7337aa3"},
    {file = "watchdog-2.2.1-cp311-cp311-macosx_11_0_arm64.whl", hash = "sha256:6ccd8d84b9490a82b51b230740468116b8205822ea5fdc700a553d92661253a3"},
    {file = "watchdog-2.2.1-cp36-cp36m-macosx_10_9_x86_64.whl", hash = "sha256:6e01d699cd260d59b84da6bda019dce0a3353e3fcc774408ae767fe88ee096b7"},
    {file = "watchdog-2.2.1-cp37-cp37m-macosx_10_9_x86_64.whl", hash = "sha256:8586d98c494690482c963ffb24c49bf9c8c2fe0589cec4dc2f753b78d1ec301d"},
    {file = "watchdog-2.2.1-cp38-cp38-macosx_10_9_universal2.whl", hash = "sha256:adaf2ece15f3afa33a6b45f76b333a7da9256e1360003032524d61bdb4c422ae"},
    {file = "watchdog-2.2.1-cp38-cp38-macosx_10_9_x86_64.whl", hash = "sha256:83a7cead445008e880dbde833cb9e5cc7b9a0958edb697a96b936621975f15b9"},
    {file = "watchdog-2.2.1-cp38-cp38-macosx_11_0_arm64.whl", hash = "sha256:f8ac23ff2c2df4471a61af6490f847633024e5aa120567e08d07af5718c9d092"},
    {file = "watchdog-2.2.1-cp39-cp39-macosx_10_9_universal2.whl", hash = "sha256:d0f29fd9f3f149a5277929de33b4f121a04cf84bb494634707cfa8ea8ae106a8"},
    {file = "watchdog-2.2.1-cp39-cp39-macosx_10_9_x86_64.whl", hash = "sha256:967636031fa4c4955f0f3f22da3c5c418aa65d50908d31b73b3b3ffd66d60640"},
    {file = "watchdog-2.2.1-cp39-cp39-macosx_11_0_arm64.whl", hash = "sha256:96cbeb494e6cbe3ae6aacc430e678ce4b4dd3ae5125035f72b6eb4e5e9eb4f4e"},
    {file = "watchdog-2.2.1-pp37-pypy37_pp73-macosx_10_9_x86_64.whl", hash = "sha256:61fdb8e9c57baf625e27e1420e7ca17f7d2023929cd0065eb79c83da1dfbeacd"},
    {file = "watchdog-2.2.1-pp38-pypy38_pp73-macosx_10_9_x86_64.whl", hash = "sha256:4cb5ecc332112017fbdb19ede78d92e29a8165c46b68a0b8ccbd0a154f196d5e"},
    {file = "watchdog-2.2.1-pp39-pypy39_pp73-macosx_10_9_x86_64.whl", hash = "sha256:a480d122740debf0afac4ddd583c6c0bb519c24f817b42ed6f850e2f6f9d64a8"},
    {file = "watchdog-2.2.1-py3-none-manylinux2014_aarch64.whl", hash = "sha256:978a1aed55de0b807913b7482d09943b23a2d634040b112bdf31811a422f6344"},
    {file = "watchdog-2.2.1-py3-none-manylinux2014_armv7l.whl", hash = "sha256:8c28c23972ec9c524967895ccb1954bc6f6d4a557d36e681a36e84368660c4ce"},
    {file = "watchdog-2.2.1-py3-none-manylinux2014_i686.whl", hash = "sha256:c27d8c1535fd4474e40a4b5e01f4ba6720bac58e6751c667895cbc5c8a7af33c"},
    {file = "watchdog-2.2.1-py3-none-manylinux2014_ppc64.whl", hash = "sha256:d6b87477752bd86ac5392ecb9eeed92b416898c30bd40c7e2dd03c3146105646"},
    {file = "watchdog-2.2.1-py3-none-manylinux2014_ppc64le.whl", hash = "sha256:cece1aa596027ff56369f0b50a9de209920e1df9ac6d02c7f9e5d8162eb4f02b"},
    {file = "watchdog-2.2.1-py3-none-manylinux2014_s390x.whl", hash = "sha256:8b5cde14e5c72b2df5d074774bdff69e9b55da77e102a91f36ef26ca35f9819c"},
    {file = "watchdog-2.2.1-py3-none-manylinux2014_x86_64.whl", hash = "sha256:e038be858425c4f621900b8ff1a3a1330d9edcfeaa1c0468aeb7e330fb87693e"},
    {file = "watchdog-2.2.1-py3-none-win32.whl", hash = "sha256:bc43c1b24d2f86b6e1cc15f68635a959388219426109233e606517ff7d0a5a73"},
    {file = "watchdog-2.2.1-py3-none-win_amd64.whl", hash = "sha256:17f1708f7410af92ddf591e94ae71a27a13974559e72f7e9fde3ec174b26ba2e"},
    {file = "watchdog-2.2.1-py3-none-win_ia64.whl", hash = "sha256:195ab1d9d611a4c1e5311cbf42273bc541e18ea8c32712f2fb703cfc6ff006f9"},
    {file = "watchdog-2.2.1.tar.gz", hash = "sha256:cdcc23c9528601a8a293eb4369cbd14f6b4f34f07ae8769421252e9c22718b6f"},
]

[package.extras]
watchmedo = ["PyYAML (>=3.10)"]

[metadata]
lock-version = "2.0"
python-versions = ">=3.9.1,<3.12"
content-hash = "ce2bf748ef3e1995800a19365ec46ae2bf3235e3346a1f4fc1f14483a2bc1e11"
